
Microsoft Visual Studio Solution File, Format Version 12.00
# Visual Studio Version 17
VisualStudioVersion = 17.0.32126.317
MinimumVisualStudioVersion = 10.0.40219.1
Project("{FAE04EC0-301F-11D3-BF4B-00C04F79EFBC}") = "DCjQuery_Ajax_CRUD", "DCjQuery_Ajax_CRUD.csproj", "{2DCF884C-103F-42CC-BAD5-A82842AA2E5D}"
EndProject
Global
	GlobalSection(SolutionConfigurationPlatforms) = preSolution
		Debug|Any CPU = Debug|Any CPU
		Release|Any CPU = Release|Any CPU
	EndGlobalSection
	GlobalSection(ProjectConfigurationPlatforms) = postSolution
		{2DCF884C-103F-42CC-BAD5-A82842AA2E5D}.Debug|Any CPU.ActiveCfg = Debug|Any CPU
		{2DCF884C-103F-42CC-BAD5-A82842AA2E5D}.Debug|Any CPU.Build.0 = Debug|Any CPU
		{2DCF884C-103F-42CC-BAD5-A82842AA2E5D}.Release|Any CPU.ActiveCfg = Release|Any CPU
		{2DCF884C-103F-42CC-BAD5-A82842AA2E5D}.Release|Any CPU.Build.0 = Release|Any CPU
	EndGlobalSection
	GlobalSection(SolutionProperties) = preSolution
		HideSolutionNode = FALSE
	EndGlobalSection
	GlobalSection(ExtensibilityGlobals) = postSolution
		SolutionGuid = {3E30BE32-5CD7-44D8-B70A-7766AE932E56}
	EndGlobalSection
EndGlobal
